
Microsoft Visual Studio Solution File, Format Version 12.00
# Visual Studio 15
VisualStudioVersion = 15.0.27130.2036
MinimumVisualStudioVersion = 10.0.40219.1
Project("{FAE04EC0-301F-11D3-BF4B-00C04F79EFBC}") = "WcfCallCenter", "WcfCallCenter\WcfCallCenter.csproj", "{C032FC8A-BE6D-4343-A164-93AC634007BC}"
EndProject
Project("{FAE04EC0-301F-11D3-BF4B-00C04F79EFBC}") = "CallCenterTest", "CallCenterTest\CallCenterTest.csproj", "{E36A4785-FCE2-47A7-A3FF-A3E8BBBB5E51}"
	ProjectSection(ProjectDependencies) = postProject
		{C032FC8A-BE6D-4343-A164-93AC634007BC} = {C032FC8A-BE6D-4343-A164-93AC634007BC}
	EndProjectSection
EndProject
Global
	GlobalSection(SolutionConfigurationPlatforms) = preSolution
		Debug|Any CPU = Debug|Any CPU
		Release|Any CPU = Release|Any CPU
	EndGlobalSection
	GlobalSection(ProjectConfigurationPlatforms) = postSolution
		{C032FC8A-BE6D-4343-A164-93AC634007BC}.Debug|Any CPU.ActiveCfg = Debug|Any CPU
		{C032FC8A-BE6D-4343-A164-93AC634007BC}.Debug|Any CPU.Build.0 = Debug|Any CPU
		{C032FC8A-BE6D-4343-A164-93AC634007BC}.Release|Any CPU.ActiveCfg = Release|Any CPU
		{C032FC8A-BE6D-4343-A164-93AC634007BC}.Release|Any CPU.Build.0 = Release|Any CPU
		{E36A4785-FCE2-47A7-A3FF-A3E8BBBB5E51}.Debug|Any CPU.ActiveCfg = Debug|Any CPU
		{E36A4785-FCE2-47A7-A3FF-A3E8BBBB5E51}.Debug|Any CPU.Build.0 = Debug|Any CPU
		{E36A4785-FCE2-47A7-A3FF-A3E8BBBB5E51}.Release|Any CPU.ActiveCfg = Release|Any CPU
		{E36A4785-FCE2-47A7-A3FF-A3E8BBBB5E51}.Release|Any CPU.Build.0 = Release|Any CPU
	EndGlobalSection
	GlobalSection(SolutionProperties) = preSolution
		HideSolutionNode = FALSE
	EndGlobalSection
	GlobalSection(ExtensibilityGlobals) = postSolution
		SolutionGuid = {925107FB-90FE-49AC-B02B-BD556283604C}
	EndGlobalSection
EndGlobal
